schema: '2.0'
stages:
  collectDataStage:
    cmd: python3 src/collectData.py data/test.csv
    deps:
    - path: data/test.csv
      hash: md5
      md5: 73d56d05a3f6efeff78f3826b9115621
      size: 117
    - path: src/collectData.py
      hash: md5
      md5: 62b3ddbd014ba7cc3160855161a63bf7
      size: 291
    outs:
    - path: data/collected
      hash: md5
      md5: d751713988987e9331980363e24189ce.dir
      size: 0
      nfiles: 0
